
Microsoft Visual Studio Solution File, Format Version 12.00
# Visual Studio Version 16
VisualStudioVersion = 16.0.31005.135
MinimumVisualStudioVersion = 10.0.40219.1
Project("{FAE04EC0-301F-11D3-BF4B-00C04F79EFBC}") = "Ryhmä2Huutokauppa", "Ryhmä2Huutokauppa\Ryhmä2Huutokauppa.csproj", "{21911C52-FBE2-4683-910A-EC0F634B011C}"
EndProject
Global
	GlobalSection(SolutionConfigurationPlatforms) = preSolution
		Debug|Any CPU = Debug|Any CPU
		Release|Any CPU = Release|Any CPU
	EndGlobalSection
	GlobalSection(ProjectConfigurationPlatforms) = postSolution
		{21911C52-FBE2-4683-910A-EC0F634B011C}.Debug|Any CPU.ActiveCfg = Debug|Any CPU
		{21911C52-FBE2-4683-910A-EC0F634B011C}.Debug|Any CPU.Build.0 = Debug|Any CPU
		{21911C52-FBE2-4683-910A-EC0F634B011C}.Release|Any CPU.ActiveCfg = Release|Any CPU
		{21911C52-FBE2-4683-910A-EC0F634B011C}.Release|Any CPU.Build.0 = Release|Any CPU
	EndGlobalSection
	GlobalSection(SolutionProperties) = preSolution
		HideSolutionNode = FALSE
	EndGlobalSection
	GlobalSection(ExtensibilityGlobals) = postSolution
		SolutionGuid = {369643E8-A240-4D66-AA21-C700AB935B4F}
	EndGlobalSection
EndGlobal
